// !$*UTF8*$!
{
	archiveVersion = 1;
	classes = {
	};
	objectVersion = 46;
	objects = {

/* Begin PBXBuildFile section */
		00104AF617F12AC80070AFF8 /* MapKit.framework in Frameworks */ = {isa = PBXBuildFile; fileRef = 00104AF517F12AC80070AFF8 /* MapKit.framework */; };
		00104AF817F12ACF0070AFF8 /* CoreLocation.framework in Frameworks */ = {isa = PBXBuildFile; fileRef = 00104AF717F12ACF0070AFF8 /* CoreLocation.framework */; };
		0014B80F1801DBAA005FDE2E /* PlaceAnnotation.m in Sources */ = {isa = PBXBuildFile; fileRef = 0014B80E1801DBAA005FDE2E /* PlaceAnnotation.m */; };
		00220910181DE5670051C46F /* CoreData.framework in Frameworks */ = {isa = PBXBuildFile; fileRef = 0022090F181DE5670051C46F /* CoreData.framework */; };
		00220913181DEEC40051C46F /* VacationOptionsTVC.m in Sources */ = {isa = PBXBuildFile; fileRef = 00220912181DEEC40051C46F /* VacationOptionsTVC.m */; };
		00220919181DEFE30051C46F /* ItineraryTVC.m in Sources */ = {isa = PBXBuildFile; fileRef = 00220918181DEFE30051C46F /* ItineraryTVC.m */; };
		00364D3F181DDE54004BD8C7 /* VirtualVacationListTVC.m in Sources */ = {isa = PBXBuildFile; fileRef = 00364D3E181DDE54004BD8C7 /* VirtualVacationListTVC.m */; };
		00385D3B18006B5C00DFEAD9 /* FlickrPhotoAnnotation.m in Sources */ = {isa = PBXBuildFile; fileRef = 00385D3A18006B5C00DFEAD9 /* FlickrPhotoAnnotation.m */; };
		0042092717E7CECB0035FA10 /* PhotosFromPlaceTVC.m in Sources */ = {isa = PBXBuildFile; fileRef = 0042092617E7CECB0035FA10 /* PhotosFromPlaceTVC.m */; };
		0042092A17E7F7C20035FA10 /* DisplayImageVC.m in Sources */ = {isa = PBXBuildFile; fileRef = 0042092917E7F7C20035FA10 /* DisplayImageVC.m */; };
		00518C7718272765005FD3EB /* Vacation+Create.m in Sources */ = {isa = PBXBuildFile; fileRef = 00518C7618272765005FD3EB /* Vacation+Create.m */; };
		00518C891827393A005FD3EB /* Photo+Create.m in Sources */ = {isa = PBXBuildFile; fileRef = 00518C881827393A005FD3EB /* Photo+Create.m */; };
		00518C8C18273D6D005FD3EB /* VacationHelper.m in Sources */ = {isa = PBXBuildFile; fileRef = 00518C8B18273D6D005FD3EB /* VacationHelper.m */; };
		00518C8F18274616005FD3EB /* Tag+Create.m in Sources */ = {isa = PBXBuildFile; fileRef = 00518C8E18274616005FD3EB /* Tag+Create.m */; };
		005810BC183521E800F4DE95 /* Cacher.m in Sources */ = {isa = PBXBuildFile; fileRef = 005810B5183521E800F4DE95 /* Cacher.m */; };
		005810BD183521E800F4DE95 /* DisplayImageBasicVC.m in Sources */ = {isa = PBXBuildFile; fileRef = 005810B7183521E800F4DE95 /* DisplayImageBasicVC.m */; };
		005810BE183521E800F4DE95 /* MapVC.m in Sources */ = {isa = PBXBuildFile; fileRef = 005810B9183521E800F4DE95 /* MapVC.m */; };
		005810BF183521E800F4DE95 /* Vacation.xcdatamodeld in Sources */ = {isa = PBXBuildFile; fileRef = 005810BA183521E800F4DE95 /* Vacation.xcdatamodeld */; };
		0069F0B0181DE00200543976 /* CoreDataTableViewController.m in Sources */ = {isa = PBXBuildFile; fileRef = 0069F0AF181DE00200543976 /* CoreDataTableViewController.m */; };
		0069F0B4181DE01800543976 /* FlickrFetcher.m in Sources */ = {isa = PBXBuildFile; fileRef = 0069F0B3181DE01800543976 /* FlickrFetcher.m */; };
		009749B518351239004A3299 /* Tag.m in Sources */ = {isa = PBXBuildFile; fileRef = 009749B418351239004A3299 /* Tag.m */; };
		009749B81835123A004A3299 /* Photo.m in Sources */ = {isa = PBXBuildFile; fileRef = 009749B71835123A004A3299 /* Photo.m */; };
		00983840181DF06B0027B4D3 /* TagsTVC.m in Sources */ = {isa = PBXBuildFile; fileRef = 0098383F181DF06B0027B4D3 /* TagsTVC.m */; };
		00983843181DF0EB0027B4D3 /* VacationItem.m in Sources */ = {isa = PBXBuildFile; fileRef = 00983842181DF0EB0027B4D3 /* VacationItem.m */; };
		00F08502182DE584005DC9FA /* Vacation.m in Sources */ = {isa = PBXBuildFile; fileRef = 00F08501182DE584005DC9FA /* Vacation.m */; };
		00FB22F417E54400001E4333 /* UIKit.framework in Frameworks */ = {isa = PBXBuildFile; fileRef = 00FB22F317E54400001E4333 /* UIKit.framework */; };
		00FB22F617E54400001E4333 /* Foundation.framework in Frameworks */ = {isa = PBXBuildFile; fileRef = 00FB22F517E54400001E4333 /* Foundation.framework */; };
		00FB22F817E54400001E4333 /* CoreGraphics.framework in Frameworks */ = {isa = PBXBuildFile; fileRef = 00FB22F717E54400001E4333 /* CoreGraphics.framework */; };
		00FB22FE17E54401001E4333 /* InfoPlist.strings in Resources */ = {isa = PBXBuildFile; fileRef = 00FB22FC17E54401001E4333 /* InfoPlist.strings */; };
		00FB230017E54401001E4333 /* main.m in Sources */ = {isa = PBXBuildFile; fileRef = 00FB22FF17E54401001E4333 /* main.m */; };
		00FB230417E54401001E4333 /* AppDelegate.m in Sources */ = {isa = PBXBuildFile; fileRef = 00FB230317E54401001E4333 /* AppDelegate.m */; };
		00FB230617E54401001E4333 /* Default.png in Resources */ = {isa = PBXBuildFile; fileRef = 00FB230517E54401001E4333 /* Default.png */; };
		00FB230817E54401001E4333 /* Default@2x.png in Resources */ = {isa = PBXBuildFile; fileRef = 00FB230717E54401001E4333 /* Default@2x.png */; };
		00FB230A17E54401001E4333 /* Default-568h@2x.png in Resources */ = {isa = PBXBuildFile; fileRef = 00FB230917E54401001E4333 /* Default-568h@2x.png */; };
		00FB230D17E54401001E4333 /* MainStoryboard.storyboard in Resources */ = {isa = PBXBuildFile; fileRef = 00FB230B17E54401001E4333 /* MainStoryboard.storyboard */; };
		00FB231C17E54878001E4333 /* TopPlacesTVC.m in Sources */ = {isa = PBXBuildFile; fileRef = 00FB231B17E54878001E4333 /* TopPlacesTVC.m */; };
		00FB231F17E548B6001E4333 /* RecentPhotosTVC.m in Sources */ = {isa = PBXBuildFile; fileRef = 00FB231E17E548B6001E4333 /* RecentPhotosTVC.m */; };
/* End PBXBuildFile section */

/* Begin PBXFileReference section */
		00104AF517F12AC80070AFF8 /* MapKit.framework */ = {isa = PBXFileReference; lastKnownFileType = wrapper.framework; name = MapKit.framework; path = System/Library/Frameworks/MapKit.framework; sourceTree = SDKROOT; };
		00104AF717F12ACF0070AFF8 /* CoreLocation.framework */ = {isa = PBXFileReference; lastKnownFileType = wrapper.framework; name = CoreLocation.framework; path = System/Library/Frameworks/CoreLocation.framework; sourceTree = SDKROOT; };
		0014B80D1801DBAA005FDE2E /* PlaceAnnotation.h */ = {isa = PBXFileReference; fileEncoding = 4; lastKnownFileType = sourcecode.c.h; path = PlaceAnnotation.h; sourceTree = "<group>"; };
		0014B80E1801DBAA005FDE2E /* PlaceAnnotation.m */ = {isa = PBXFileReference; fileEncoding = 4; lastKnownFileType = sourcecode.c.objc; path = PlaceAnnotation.m; sourceTree = "<group>"; };
		0022090F181DE5670051C46F /* CoreData.framework */ = {isa = PBXFileReference; lastKnownFileType = wrapper.framework; name = CoreData.framework; path = System/Library/Frameworks/CoreData.framework; sourceTree = SDKROOT; };
		00220911181DEEC40051C46F /* VacationOptionsTVC.h */ = {isa = PBXFileReference; fileEncoding = 4; lastKnownFileType = sourcecode.c.h; path = VacationOptionsTVC.h; sourceTree = "<group>"; };
		00220912181DEEC40051C46F /* VacationOptionsTVC.m */ = {isa = PBXFileReference; fileEncoding = 4; lastKnownFileType = sourcecode.c.objc; path = VacationOptionsTVC.m; sourceTree = "<group>"; };
		00220917181DEFE30051C46F /* ItineraryTVC.h */ = {isa = PBXFileReference; fileEncoding = 4; lastKnownFileType = sourcecode.c.h; path = ItineraryTVC.h; sourceTree = "<group>"; };
		00220918181DEFE30051C46F /* ItineraryTVC.m */ = {isa = PBXFileReference; fileEncoding = 4; lastKnownFileType = sourcecode.c.objc; path = ItineraryTVC.m; sourceTree = "<group>"; };
		00364D3D181DDE54004BD8C7 /* VirtualVacationListTVC.h */ = {isa = PBXFileReference; fileEncoding = 4; lastKnownFileType = sourcecode.c.h; path = VirtualVacationListTVC.h; sourceTree = "<group>"; };
		00364D3E181DDE54004BD8C7 /* VirtualVacationListTVC.m */ = {isa = PBXFileReference; fileEncoding = 4; lastKnownFileType = sourcecode.c.objc; path = VirtualVacationListTVC.m; sourceTree = "<group>"; };
		00385D3918006B5C00DFEAD9 /* FlickrPhotoAnnotation.h */ = {isa = PBXFileReference; fileEncoding = 4; lastKnownFileType = sourcecode.c.h; path = FlickrPhotoAnnotation.h; sourceTree = "<group>"; };
		00385D3A18006B5C00DFEAD9 /* FlickrPhotoAnnotation.m */ = {isa = PBXFileReference; fileEncoding = 4; lastKnownFileType = sourcecode.c.objc; path = FlickrPhotoAnnotation.m; sourceTree = "<group>"; };
		0042092517E7CECB0035FA10 /* PhotosFromPlaceTVC.h */ = {isa = PBXFileReference; fileEncoding = 4; lastKnownFileType = sourcecode.c.h; path = PhotosFromPlaceTVC.h; sourceTree = "<group>"; };
		0042092617E7CECB0035FA10 /* PhotosFromPlaceTVC.m */ = {isa = PBXFileReference; fileEncoding = 4; lastKnownFileType = sourcecode.c.objc; path = PhotosFromPlaceTVC.m; sourceTree = "<group>"; };
		0042092817E7F7C20035FA10 /* DisplayImageVC.h */ = {isa = PBXFileReference; fileEncoding = 4; lastKnownFileType = sourcecode.c.h; path = DisplayImageVC.h; sourceTree = "<group>"; };
		0042092917E7F7C20035FA10 /* DisplayImageVC.m */ = {isa = PBXFileReference; fileEncoding = 4; lastKnownFileType = sourcecode.c.objc; path = DisplayImageVC.m; sourceTree = "<group>"; };
		00518C7518272765005FD3EB /* Vacation+Create.h */ = {isa = PBXFileReference; fileEncoding = 4; lastKnownFileType = sourcecode.c.h; path = "Vacation+Create.h"; sourceTree = "<group>"; };
		00518C7618272765005FD3EB /* Vacation+Create.m */ = {isa = PBXFileReference; fileEncoding = 4; lastKnownFileType = sourcecode.c.objc; path = "Vacation+Create.m"; sourceTree = "<group>"; };
		00518C871827393A005FD3EB /* Photo+Create.h */ = {isa = PBXFileReference; fileEncoding = 4; lastKnownFileType = sourcecode.c.h; path = "Photo+Create.h"; sourceTree = "<group>"; };
		00518C881827393A005FD3EB /* Photo+Create.m */ = {isa = PBXFileReference; fileEncoding = 4; lastKnownFileType = sourcecode.c.objc; path = "Photo+Create.m"; sourceTree = "<group>"; };
		00518C8A18273D6D005FD3EB /* VacationHelper.h */ = {isa = PBXFileReference; fileEncoding = 4; lastKnownFileType = sourcecode.c.h; path = VacationHelper.h; sourceTree = "<group>"; };
		00518C8B18273D6D005FD3EB /* VacationHelper.m */ = {isa = PBXFileReference; fileEncoding = 4; lastKnownFileType = sourcecode.c.objc; path = VacationHelper.m; sourceTree = "<group>"; };
		00518C8D18274616005FD3EB /* Tag+Create.h */ = {isa = PBXFileReference; fileEncoding = 4; lastKnownFileType = sourcecode.c.h; path = "Tag+Create.h"; sourceTree = "<group>"; };
		00518C8E18274616005FD3EB /* Tag+Create.m */ = {isa = PBXFileReference; fileEncoding = 4; lastKnownFileType = sourcecode.c.objc; path = "Tag+Create.m"; sourceTree = "<group>"; };
		005810B4183521E800F4DE95 /* Cacher.h */ = {isa = PBXFileReference; fileEncoding = 4; lastKnownFileType = sourcecode.c.h; path = Cacher.h; sourceTree = "<group>"; };
		005810B5183521E800F4DE95 /* Cacher.m */ = {isa = PBXFileReference; fileEncoding = 4; lastKnownFileType = sourcecode.c.objc; path = Cacher.m; sourceTree = "<group>"; };
		005810B6183521E800F4DE95 /* DisplayImageBasicVC.h */ = {isa = PBXFileReference; fileEncoding = 4; lastKnownFileType = sourcecode.c.h; path = DisplayImageBasicVC.h; sourceTree = "<group>"; };
		005810B7183521E800F4DE95 /* DisplayImageBasicVC.m */ = {isa = PBXFileReference; fileEncoding = 4; lastKnownFileType = sourcecode.c.objc; path = DisplayImageBasicVC.m; sourceTree = "<group>"; };
		005810B8183521E800F4DE95 /* MapVC.h */ = {isa = PBXFileReference; fileEncoding = 4; lastKnownFileType = sourcecode.c.h; path = MapVC.h; sourceTree = "<group>"; };
		005810B9183521E800F4DE95 /* MapVC.m */ = {isa = PBXFileReference; fileEncoding = 4; lastKnownFileType = sourcecode.c.objc; path = MapVC.m; sourceTree = "<group>"; };
		005810BB183521E800F4DE95 /* Vacation.xcdatamodel */ = {isa = PBXFileReference; lastKnownFileType = wrapper.xcdatamodel; path = Vacation.xcdatamodel; sourceTree = "<group>"; };
		0069F0AE181DE00200543976 /* CoreDataTableViewController.h */ = {isa = PBXFileReference; fileEncoding = 4; lastKnownFileType = sourcecode.c.h; name = CoreDataTableViewController.h; path = Pictures/CoreDataTableViewController.h; sourceTree = "<group>"; };
		0069F0AF181DE00200543976 /* CoreDataTableViewController.m */ = {isa = PBXFileReference; fileEncoding = 4; lastKnownFileType = sourcecode.c.objc; name = CoreDataTableViewController.m; path = Pictures/CoreDataTableViewController.m; sourceTree = "<group>"; };
		0069F0B1181DE01800543976 /* FlickrAPIKey.h */ = {isa = PBXFileReference; fileEncoding = 4; lastKnownFileType = sourcecode.c.h; name = FlickrAPIKey.h; path = Pictures/FlickrAPIKey.h; sourceTree = "<group>"; };
		0069F0B2181DE01800543976 /* FlickrFetcher.h */ = {isa = PBXFileReference; fileEncoding = 4; lastKnownFileType = sourcecode.c.h; name = FlickrFetcher.h; path = Pictures/FlickrFetcher.h; sourceTree = "<group>"; };
		0069F0B3181DE01800543976 /* FlickrFetcher.m */ = {isa = PBXFileReference; fileEncoding = 4; lastKnownFileType = sourcecode.c.objc; name = FlickrFetcher.m; path = Pictures/FlickrFetcher.m; sourceTree = "<group>"; };
		009749B318351239004A3299 /* Tag.h */ = {isa = PBXFileReference; fileEncoding = 4; lastKnownFileType = sourcecode.c.h; path = Tag.h; sourceTree = "<group>"; };
		009749B418351239004A3299 /* Tag.m */ = {isa = PBXFileReference; fileEncoding = 4; lastKnownFileType = sourcecode.c.objc; path = Tag.m; sourceTree = "<group>"; };
		009749B61835123A004A3299 /* Photo.h */ = {isa = PBXFileReference; fileEncoding = 4; lastKnownFileType = sourcecode.c.h; path = Photo.h; sourceTree = "<group>"; };
		009749B71835123A004A3299 /* Photo.m */ = {isa = PBXFileReference; fileEncoding = 4; lastKnownFileType = sourcecode.c.objc; path = Photo.m; sourceTree = "<group>"; };
		0098383E181DF06B0027B4D3 /* TagsTVC.h */ = {isa = PBXFileReference; fileEncoding = 4; lastKnownFileType = sourcecode.c.h; path = TagsTVC.h; sourceTree = "<group>"; };
		0098383F181DF06B0027B4D3 /* TagsTVC.m */ = {isa = PBXFileReference; fileEncoding = 4; lastKnownFileType = sourcecode.c.objc; path = TagsTVC.m; sourceTree = "<group>"; };
		00983841181DF0EB0027B4D3 /* VacationItem.h */ = {isa = PBXFileReference; fileEncoding = 4; lastKnownFileType = sourcecode.c.h; path = VacationItem.h; sourceTree = "<group>"; };
		00983842181DF0EB0027B4D3 /* VacationItem.m */ = {isa = PBXFileReference; fileEncoding = 4; lastKnownFileType = sourcecode.c.objc; path = VacationItem.m; sourceTree = "<group>"; };
		00F08500182DE584005DC9FA /* Vacation.h */ = {isa = PBXFileReference; fileEncoding = 4; lastKnownFileType = sourcecode.c.h; path = Vacation.h; sourceTree = "<group>"; };
		00F08501182DE584005DC9FA /* Vacation.m */ = {isa = PBXFileReference; fileEncoding = 4; lastKnownFileType = sourcecode.c.objc; path = Vacation.m; sourceTree = "<group>"; };
		00FB22F017E54400001E4333 /* Pictures.app */ = {isa = PBXFileReference; explicitFileType = wrapper.application; includeInIndex = 0; path = Pictures.app; sourceTree = BUILT_PRODUCTS_DIR; };
		00FB22F317E54400001E4333 /* UIKit.framework */ = {isa = PBXFileReference; lastKnownFileType = wrapper.framework; name = UIKit.framework; path = System/Library/Frameworks/UIKit.framework; sourceTree = SDKROOT; };
		00FB22F517E54400001E4333 /* Foundation.framework */ = {isa = PBXFileReference; lastKnownFileType = wrapper.framework; name = Foundation.framework; path = System/Library/Frameworks/Foundation.framework; sourceTree = SDKROOT; };
		00FB22F717E54400001E4333 /* CoreGraphics.framework */ = {isa = PBXFileReference; lastKnownFileType = wrapper.framework; name = CoreGraphics.framework; path = System/Library/Frameworks/CoreGraphics.framework; sourceTree = SDKROOT; };
		00FB22FB17E54401001E4333 /* Pictures-Info.plist */ = {isa = PBXFileReference; lastKnownFileType = text.plist.xml; path = "Pictures-Info.plist"; sourceTree = "<group>"; };
		00FB22FD17E54401001E4333 /* en */ = {isa = PBXFileReference; lastKnownFileType = text.plist.strings; name = en; path = en.lproj/InfoPlist.strings; sourceTree = "<group>"; };
		00FB22FF17E54401001E4333 /* main.m */ = {isa = PBXFileReference; lastKnownFileType = sourcecode.c.objc; path = main.m; sourceTree = "<group>"; };
		00FB230117E54401001E4333 /* Pictures-Prefix.pch */ = {isa = PBXFileReference; lastKnownFileType = sourcecode.c.h; path = "Pictures-Prefix.pch"; sourceTree = "<group>"; };
		00FB230217E54401001E4333 /* AppDelegate.h */ = {isa = PBXFileReference; lastKnownFileType = sourcecode.c.h; path = AppDelegate.h; sourceTree = "<group>"; };
		00FB230317E54401001E4333 /* AppDelegate.m */ = {isa = PBXFileReference; lastKnownFileType = sourcecode.c.objc; path = AppDelegate.m; sourceTree = "<group>"; };
		00FB230517E54401001E4333 /* Default.png */ = {isa = PBXFileReference; lastKnownFileType = image.png; path = Default.png; sourceTree = "<group>"; };
		00FB230717E54401001E4333 /* Default@2x.png */ = {isa = PBXFileReference; lastKnownFileType = image.png; path = "Default@2x.png"; sourceTree = "<group>"; };
		00FB230917E54401001E4333 /* Default-568h@2x.png */ = {isa = PBXFileReference; lastKnownFileType = image.png; path = "Default-568h@2x.png"; sourceTree = "<group>"; };
		00FB230C17E54401001E4333 /* en */ = {isa = PBXFileReference; lastKnownFileType = file.storyboard; name = en; path = en.lproj/MainStoryboard.storyboard; sourceTree = "<group>"; };
		00FB231A17E54878001E4333 /* TopPlacesTVC.h */ = {isa = PBXFileReference; fileEncoding = 4; lastKnownFileType = sourcecode.c.h; path = TopPlacesTVC.h; sourceTree = "<group>"; };
		00FB231B17E54878001E4333 /* TopPlacesTVC.m */ = {isa = PBXFileReference; fileEncoding = 4; lastKnownFileType = sourcecode.c.objc; path = TopPlacesTVC.m; sourceTree = "<group>"; };
		00FB231D17E548B6001E4333 /* RecentPhotosTVC.h */ = {isa = PBXFileReference; fileEncoding = 4; lastKnownFileType = sourcecode.c.h; path = RecentPhotosTVC.h; sourceTree = "<group>"; };
		00FB231E17E548B6001E4333 /* RecentPhotosTVC.m */ = {isa = PBXFileReference; fileEncoding = 4; lastKnownFileType = sourcecode.c.objc; path = RecentPhotosTVC.m; sourceTree = "<group>"; };
/* End PBXFileReference section */

/* Begin PBXFrameworksBuildPhase section */
		00FB22ED17E54400001E4333 /* Frameworks */ = {
			isa = PBXFrameworksBuildPhase;
			buildActionMask = 2147483647;
			files = (
				00220910181DE5670051C46F /* CoreData.framework in Frameworks */,
				00104AF817F12ACF0070AFF8 /* CoreLocation.framework in Frameworks */,
				00104AF617F12AC80070AFF8 /* MapKit.framework in Frameworks */,
				00FB22F417E54400001E4333 /* UIKit.framework in Frameworks */,
				00FB22F617E54400001E4333 /* Foundation.framework in Frameworks */,
				00FB22F817E54400001E4333 /* CoreGraphics.framework in Frameworks */,
			);
			runOnlyForDeploymentPostprocessing = 0;
		};
/* End PBXFrameworksBuildPhase section */

/* Begin PBXGroup section */
		00D61D501826F07100D2AC91 /* Core Data */ = {
			isa = PBXGroup;
			children = (
				005810BA183521E800F4DE95 /* Vacation.xcdatamodeld */,
				00518C8D18274616005FD3EB /* Tag+Create.h */,
				00518C8E18274616005FD3EB /* Tag+Create.m */,
				00518C871827393A005FD3EB /* Photo+Create.h */,
				00518C881827393A005FD3EB /* Photo+Create.m */,
				00518C7518272765005FD3EB /* Vacation+Create.h */,
				00518C7618272765005FD3EB /* Vacation+Create.m */,
				00F08500182DE584005DC9FA /* Vacation.h */,
				00F08501182DE584005DC9FA /* Vacation.m */,
				009749B318351239004A3299 /* Tag.h */,
				009749B418351239004A3299 /* Tag.m */,
				009749B61835123A004A3299 /* Photo.h */,
				009749B71835123A004A3299 /* Photo.m */,
			);
			name = "Core Data";
			sourceTree = "<group>";
		};
		00FB22E717E54400001E4333 = {
			isa = PBXGroup;
			children = (
				0022090F181DE5670051C46F /* CoreData.framework */,
				0069F0B1181DE01800543976 /* FlickrAPIKey.h */,
				0069F0B2181DE01800543976 /* FlickrFetcher.h */,
				0069F0B3181DE01800543976 /* FlickrFetcher.m */,
				0069F0AE181DE00200543976 /* CoreDataTableViewController.h */,
				0069F0AF181DE00200543976 /* CoreDataTableViewController.m */,
				00104AF717F12ACF0070AFF8 /* CoreLocation.framework */,
				00104AF517F12AC80070AFF8 /* MapKit.framework */,
				00FB22F917E54400001E4333 /* Pictures */,
				00FB22F217E54400001E4333 /* Frameworks */,
				00FB22F117E54400001E4333 /* Products */,
			);
			sourceTree = "<group>";
		};
		00FB22F117E54400001E4333 /* Products */ = {
			isa = PBXGroup;
			children = (
				00FB22F017E54400001E4333 /* Pictures.app */,
			);
			name = Products;
			sourceTree = "<group>";
		};
		00FB22F217E54400001E4333 /* Frameworks */ = {
			isa = PBXGroup;
			children = (
				00FB22F317E54400001E4333 /* UIKit.framework */,
				00FB22F517E54400001E4333 /* Foundation.framework */,
				00FB22F717E54400001E4333 /* CoreGraphics.framework */,
			);
			name = Frameworks;
			sourceTree = "<group>";
		};
		00FB22F917E54400001E4333 /* Pictures */ = {
			isa = PBXGroup;
			children = (
				00518C8A18273D6D005FD3EB /* VacationHelper.h */,
				005810B4183521E800F4DE95 /* Cacher.h */,
				005810B5183521E800F4DE95 /* Cacher.m */,
				005810B6183521E800F4DE95 /* DisplayImageBasicVC.h */,
				005810B7183521E800F4DE95 /* DisplayImageBasicVC.m */,
				005810B8183521E800F4DE95 /* MapVC.h */,
				005810B9183521E800F4DE95 /* MapVC.m */,
				00518C8B18273D6D005FD3EB /* VacationHelper.m */,
				00220917181DEFE30051C46F /* ItineraryTVC.h */,
				00220918181DEFE30051C46F /* ItineraryTVC.m */,
				00364D3D181DDE54004BD8C7 /* VirtualVacationListTVC.h */,
				00364D3E181DDE54004BD8C7 /* VirtualVacationListTVC.m */,
				00D61D501826F07100D2AC91 /* Core Data */,
				00385D3918006B5C00DFEAD9 /* FlickrPhotoAnnotation.h */,
				00385D3A18006B5C00DFEAD9 /* FlickrPhotoAnnotation.m */,
				00FB230217E54401001E4333 /* AppDelegate.h */,
				00FB230317E54401001E4333 /* AppDelegate.m */,
				00FB230B17E54401001E4333 /* MainStoryboard.storyboard */,
				00983841181DF0EB0027B4D3 /* VacationItem.h */,
				00983842181DF0EB0027B4D3 /* VacationItem.m */,
				0098383E181DF06B0027B4D3 /* TagsTVC.h */,
				0098383F181DF06B0027B4D3 /* TagsTVC.m */,
				00220911181DEEC40051C46F /* VacationOptionsTVC.h */,
				00220912181DEEC40051C46F /* VacationOptionsTVC.m */,
				0042092817E7F7C20035FA10 /* DisplayImageVC.h */,
				0042092917E7F7C20035FA10 /* DisplayImageVC.m */,
				00FB231D17E548B6001E4333 /* RecentPhotosTVC.h */,
				00FB231E17E548B6001E4333 /* RecentPhotosTVC.m */,
				00FB231A17E54878001E4333 /* TopPlacesTVC.h */,
				00FB231B17E54878001E4333 /* TopPlacesTVC.m */,
				0014B80D1801DBAA005FDE2E /* PlaceAnnotation.h */,
				0014B80E1801DBAA005FDE2E /* PlaceAnnotation.m */,
				00FB22FA17E54401001E4333 /* Supporting Files */,
				0042092517E7CECB0035FA10 /* PhotosFromPlaceTVC.h */,
				0042092617E7CECB0035FA10 /* PhotosFromPlaceTVC.m */,
			);
			path = Pictures;
			sourceTree = "<group>";
		};
		00FB22FA17E54401001E4333 /* Supporting Files */ = {
			isa = PBXGroup;
			children = (
				00FB22FB17E54401001E4333 /* Pictures-Info.plist */,
				00FB22FC17E54401001E4333 /* InfoPlist.strings */,
				00FB22FF17E54401001E4333 /* main.m */,
				00FB230117E54401001E4333 /* Pictures-Prefix.pch */,
				00FB230517E54401001E4333 /* Default.png */,
				00FB230717E54401001E4333 /* Default@2x.png */,
				00FB230917E54401001E4333 /* Default-568h@2x.png */,
			);
			name = "Supporting Files";
			sourceTree = "<group>";
		};
/* End PBXGroup section */

/* Begin PBXNativeTarget section */
		00FB22EF17E54400001E4333 /* Pictures */ = {
			isa = PBXNativeTarget;
			buildConfigurationList = 00FB231317E54401001E4333 /* Build configuration list for PBXNativeTarget "Pictures" */;
			buildPhases = (
				00FB22EC17E54400001E4333 /* Sources */,
				00FB22ED17E54400001E4333 /* Frameworks */,
				00FB22EE17E54400001E4333 /* Resources */,
			);
			buildRules = (
			);
			dependencies = (
			);
			name = Pictures;
			productName = Pictures;
			productReference = 00FB22F017E54400001E4333 /* Pictures.app */;
			productType = "com.apple.product-type.application";
		};
/* End PBXNativeTarget section */

/* Begin PBXProject section */
		00FB22E817E54400001E4333 /* Project object */ = {
			isa = PBXProject;
			attributes = {
				LastUpgradeCheck = 0460;
				ORGANIZATIONNAME = "Andrea Houg";
			};
			buildConfigurationList = 00FB22EB17E54400001E4333 /* Build configuration list for PBXProject "Pictures" */;
			compatibilityVersion = "Xcode 3.2";
			developmentRegion = English;
			hasScannedForEncodings = 0;
			knownRegions = (
				en,
			);
			mainGroup = 00FB22E717E54400001E4333;
			productRefGroup = 00FB22F117E54400001E4333 /* Products */;
			projectDirPath = "";
			projectRoot = "";
			targets = (
				00FB22EF17E54400001E4333 /* Pictures */,
			);
		};
/* End PBXProject section */

/* Begin PBXResourcesBuildPhase section */
		00FB22EE17E54400001E4333 /* Resources */ = {
			isa = PBXResourcesBuildPhase;
			buildActionMask = 2147483647;
			files = (
				00FB22FE17E54401001E4333 /* InfoPlist.strings in Resources */,
				00FB230617E54401001E4333 /* Default.png in Resources */,
				00FB230817E54401001E4333 /* Default@2x.png in Resources */,
				00FB230A17E54401001E4333 /* Default-568h@2x.png in Resources */,
				00FB230D17E54401001E4333 /* MainStoryboard.storyboard in Resources */,
			);
			runOnlyForDeploymentPostprocessing = 0;
		};
/* End PBXResourcesBuildPhase section */

/* Begin PBXSourcesBuildPhase section */
		00FB22EC17E54400001E4333 /* Sources */ = {
			isa = PBXSourcesBuildPhase;
			buildActionMask = 2147483647;
			files = (
				00FB230017E54401001E4333 /* main.m in Sources */,
				005810BC183521E800F4DE95 /* Cacher.m in Sources */,
				00FB230417E54401001E4333 /* AppDelegate.m in Sources */,
				00FB231C17E54878001E4333 /* TopPlacesTVC.m in Sources */,
				00FB231F17E548B6001E4333 /* RecentPhotosTVC.m in Sources */,
				005810BF183521E800F4DE95 /* Vacation.xcdatamodeld in Sources */,
				009749B81835123A004A3299 /* Photo.m in Sources */,
				0042092717E7CECB0035FA10 /* PhotosFromPlaceTVC.m in Sources */,
				009749B518351239004A3299 /* Tag.m in Sources */,
				0042092A17E7F7C20035FA10 /* DisplayImageVC.m in Sources */,
				005810BD183521E800F4DE95 /* DisplayImageBasicVC.m in Sources */,
				00518C8C18273D6D005FD3EB /* VacationHelper.m in Sources */,
				00518C7718272765005FD3EB /* Vacation+Create.m in Sources */,
				00385D3B18006B5C00DFEAD9 /* FlickrPhotoAnnotation.m in Sources */,
				0014B80F1801DBAA005FDE2E /* PlaceAnnotation.m in Sources */,
				00364D3F181DDE54004BD8C7 /* VirtualVacationListTVC.m in Sources */,
				00518C8F18274616005FD3EB /* Tag+Create.m in Sources */,
				0069F0B0181DE00200543976 /* CoreDataTableViewController.m in Sources */,
				0069F0B4181DE01800543976 /* FlickrFetcher.m in Sources */,
				00F08502182DE584005DC9FA /* Vacation.m in Sources */,
				00220913181DEEC40051C46F /* VacationOptionsTVC.m in Sources */,
				005810BE183521E800F4DE95 /* MapVC.m in Sources */,
				00220919181DEFE30051C46F /* ItineraryTVC.m in Sources */,
				00983840181DF06B0027B4D3 /* TagsTVC.m in Sources */,
				00518C891827393A005FD3EB /* Photo+Create.m in Sources */,
				00983843181DF0EB0027B4D3 /* VacationItem.m in Sources */,
			);
			runOnlyForDeploymentPostprocessing = 0;
		};
/* End PBXSourcesBuildPhase section */

/* Begin PBXVariantGroup section */
		00FB22FC17E54401001E4333 /* InfoPlist.strings */ = {
			isa = PBXVariantGroup;
			children = (
				00FB22FD17E54401001E4333 /* en */,
			);
			name = InfoPlist.strings;
			sourceTree = "<group>";
		};
		00FB230B17E54401001E4333 /* MainStoryboard.storyboard */ = {
			isa = PBXVariantGroup;
			children = (
				00FB230C17E54401001E4333 /* en */,
			);
			name = MainStoryboard.storyboard;
			sourceTree = "<group>";
		};
/* End PBXVariantGroup section */

/* Begin XCBuildConfiguration section */
		00FB231117E54401001E4333 /* Debug */ = {
			isa = XCBuildConfiguration;
			buildSettings = {
				ALWAYS_SEARCH_USER_PATHS = NO;
				CLANG_CXX_LANGUAGE_STANDARD = "gnu++0x";
				CLANG_CXX_LIBRARY = "libc++";
				CLANG_ENABLE_OBJC_ARC = YES;
				CLANG_WARN_CONSTANT_CONVERSION = YES;
				CLANG_WARN_EMPTY_BODY = YES;
				CLANG_WARN_ENUM_CONVERSION = YES;
				CLANG_WARN_INT_CONVERSION = YES;
				CLANG_WARN__DUPLICATE_METHOD_MATCH = YES;
				"CODE_SIGN_IDENTITY[sdk=iphoneos*]" = "iPhone Developer";
				COPY_PHASE_STRIP = NO;
				GCC_C_LANGUAGE_STANDARD = gnu99;
				GCC_DYNAMIC_NO_PIC = NO;
				GCC_OPTIMIZATION_LEVEL = 0;
				GCC_PREPROCESSOR_DEFINITIONS = (
					"DEBUG=1",
					"$(inherited)",
				);
				GCC_SYMBOLS_PRIVATE_EXTERN = NO;
				GCC_WARN_ABOUT_RETURN_TYPE = YES;
				GCC_WARN_UNINITIALIZED_AUTOS = YES;
				GCC_WARN_UNUSED_VARIABLE = YES;
				IPHONEOS_DEPLOYMENT_TARGET = 6.1;
				ONLY_ACTIVE_ARCH = YES;
				SDKROOT = iphoneos;
			};
			name = Debug;
		};
		00FB231217E54401001E4333 /* Release */ = {
			isa = XCBuildConfiguration;
			buildSettings = {
				ALWAYS_SEARCH_USER_PATHS = NO;
				CLANG_CXX_LANGUAGE_STANDARD = "gnu++0x";
				CLANG_CXX_LIBRARY = "libc++";
				CLANG_ENABLE_OBJC_ARC = YES;
				CLANG_WARN_CONSTANT_CONVERSION = YES;
				CLANG_WARN_EMPTY_BODY = YES;
				CLANG_WARN_ENUM_CONVERSION = YES;
				CLANG_WARN_INT_CONVERSION = YES;
				CLANG_WARN__DUPLICATE_METHOD_MATCH = YES;
				"CODE_SIGN_IDENTITY[sdk=iphoneos*]" = "iPhone Developer";
				COPY_PHASE_STRIP = YES;
				GCC_C_LANGUAGE_STANDARD = gnu99;
				GCC_WARN_ABOUT_RETURN_TYPE = YES;
				GCC_WARN_UNINITIALIZED_AUTOS = YES;
				GCC_WARN_UNUSED_VARIABLE = YES;
				IPHONEOS_DEPLOYMENT_TARGET = 6.1;
				OTHER_CFLAGS = "-DNS_BLOCK_ASSERTIONS=1";
				SDKROOT = iphoneos;
				VALIDATE_PRODUCT = YES;
			};
			name = Release;
		};
		00FB231417E54401001E4333 /* Debug */ = {
			isa = XCBuildConfiguration;
			buildSettings = {
				GCC_PRECOMPILE_PREFIX_HEADER = YES;
				GCC_PREFIX_HEADER = "Pictures/Pictures-Prefix.pch";
				INFOPLIST_FILE = "Pictures/Pictures-Info.plist";
				PRODUCT_NAME = "$(TARGET_NAME)";
				WRAPPER_EXTENSION = app;
			};
			name = Debug;
		};
		00FB231517E54401001E4333 /* Release */ = {
			isa = XCBuildConfiguration;
			buildSettings = {
				GCC_PRECOMPILE_PREFIX_HEADER = YES;
				GCC_PREFIX_HEADER = "Pictures/Pictures-Prefix.pch";
				INFOPLIST_FILE = "Pictures/Pictures-Info.plist";
				PRODUCT_NAME = "$(TARGET_NAME)";
				WRAPPER_EXTENSION = app;
			};
			name = Release;
		};
/* End XCBuildConfiguration section */

/* Begin XCConfigurationList section */
		00FB22EB17E54400001E4333 /* Build configuration list for PBXProject "Pictures" */ = {
			isa = XCConfigurationList;
			buildConfigurations = (
				00FB231117E54401001E4333 /* Debug */,
				00FB231217E54401001E4333 /* Release */,
			);
			defaultConfigurationIsVisible = 0;
			defaultConfigurationName = Release;
		};
		00FB231317E54401001E4333 /* Build configuration list for PBXNativeTarget "Pictures" */ = {
			isa = XCConfigurationList;
			buildConfigurations = (
				00FB231417E54401001E4333 /* Debug */,
				00FB231517E54401001E4333 /* Release */,
			);
			defaultConfigurationIsVisible = 0;
			defaultConfigurationName = Release;
		};
/* End XCConfigurationList section */

/* Begin XCVersionGroup section */
		005810BA183521E800F4DE95 /* Vacation.xcdatamodeld */ = {
			isa = XCVersionGroup;
			children = (
				005810BB183521E800F4DE95 /* Vacation.xcdatamodel */,
			);
			currentVersion = 005810BB183521E800F4DE95 /* Vacation.xcdatamodel */;
			path = Vacation.xcdatamodeld;
			sourceTree = "<group>";
			versionGroupType = wrapper.xcdatamodel;
		};
/* End XCVersionGroup section */
	};
	rootObject = 00FB22E817E54400001E4333 /* Project object */;
}
